
Microsoft Visual Studio Solution File, Format Version 12.00
# Visual Studio Version 16
VisualStudioVersion = 16.0.31613.86
MinimumVisualStudioVersion = 10.0.40219.1
Project("{9A19103F-16F7-4668-BE54-9A1E7A4F7556}") = "IRCHandler", "IRCHandler\IRCHandler.csproj", "{BEFEF17C-44BA-4AE2-9466-26932A78CBA1}"
EndProject
Project("{911E67C6-3D85-4FCE-B560-20A9C3E3FF48}") = "ConsoleAppToying", "C:\Users\cryst\source\repos\ConsoleAppToying\ConsoleAppToying\bin\Debug\net5.0\ConsoleAppToying.exe", "{D721E732-06F9-40B0-95EE-17147B466EBF}"
	ProjectSection(DebuggerProjectSystem) = preProject
		PortSupplier = 00000000-0000-0000-0000-000000000000
		Executable = C:\Users\cryst\source\repos\ConsoleAppToying\ConsoleAppToying\bin\Debug\net5.0\ConsoleAppToying.exe
		RemoteMachine = MINORI
		StartingDirectory = C:\Users\cryst\source\repos\ConsoleAppToying\ConsoleAppToying\bin\Debug\net5.0
		Environment = Default
		LaunchingEngine = 00000000-0000-0000-0000-000000000000
		UseLegacyDebugEngines = No
		LaunchSQLEngine = No
		AttachLaunchAction = No
		IORedirection = Auto
	EndProjectSection
EndProject
Global
	GlobalSection(SolutionConfigurationPlatforms) = preSolution
		Debug|Any CPU = Debug|Any CPU
		Debug|x64 = Debug|x64
		Release|Any CPU = Release|Any CPU
		Release|x64 = Release|x64
	EndGlobalSection
	GlobalSection(ProjectConfigurationPlatforms) = postSolution
		{BEFEF17C-44BA-4AE2-9466-26932A78CBA1}.Debug|Any CPU.ActiveCfg = Debug|Any CPU
		{BEFEF17C-44BA-4AE2-9466-26932A78CBA1}.Debug|Any CPU.Build.0 = Debug|Any CPU
		{BEFEF17C-44BA-4AE2-9466-26932A78CBA1}.Debug|x64.ActiveCfg = Debug|Any CPU
		{BEFEF17C-44BA-4AE2-9466-26932A78CBA1}.Debug|x64.Build.0 = Debug|Any CPU
		{BEFEF17C-44BA-4AE2-9466-26932A78CBA1}.Release|Any CPU.ActiveCfg = Release|Any CPU
		{BEFEF17C-44BA-4AE2-9466-26932A78CBA1}.Release|Any CPU.Build.0 = Release|Any CPU
		{BEFEF17C-44BA-4AE2-9466-26932A78CBA1}.Release|x64.ActiveCfg = Release|Any CPU
		{BEFEF17C-44BA-4AE2-9466-26932A78CBA1}.Release|x64.Build.0 = Release|Any CPU
		{D721E732-06F9-40B0-95EE-17147B466EBF}.Debug|Any CPU.ActiveCfg = Release|x64
		{D721E732-06F9-40B0-95EE-17147B466EBF}.Debug|x64.ActiveCfg = Release|x64
		{D721E732-06F9-40B0-95EE-17147B466EBF}.Release|Any CPU.ActiveCfg = Release|x64
		{D721E732-06F9-40B0-95EE-17147B466EBF}.Release|x64.ActiveCfg = Release|x64
	EndGlobalSection
	GlobalSection(SolutionProperties) = preSolution
		HideSolutionNode = FALSE
	EndGlobalSection
	GlobalSection(ExtensibilityGlobals) = postSolution
		SolutionGuid = {920DDEBB-576B-435C-BE7E-3FAA2206CD98}
	EndGlobalSection
EndGlobal
